// !$*UTF8*$!
{
	archiveVersion = 1;
	classes = {
	};
	objectVersion = 77;
	objects = {

/* Begin PBXBuildFile section */
		EFFAD9C92D0F098300708293 /* FirebaseAnalytics in Frameworks */ = {isa = PBXBuildFile; productRef = EFFAD9C82D0F098300708293 /* FirebaseAnalytics */; };
		EFFAD9CB2D0F098300708293 /* FirebaseAppCheck in Frameworks */ = {isa = PBXBuildFile; productRef = EFFAD9CA2D0F098300708293 /* FirebaseAppCheck */; };
		EFFAD9CD2D0F098300708293 /* FirebaseAppDistribution-Beta in Frameworks */ = {isa = PBXBuildFile; productRef = EFFAD9CC2D0F098300708293 /* FirebaseAppDistribution-Beta */; };
		EFFAD9CF2D0F098300708293 /* FirebaseAuth in Frameworks */ = {isa = PBXBuildFile; productRef = EFFAD9CE2D0F098300708293 /* FirebaseAuth */; };
		EFFAD9D12D0F098300708293 /* FirebaseAuthCombine-Community in Frameworks */ = {isa = PBXBuildFile; productRef = EFFAD9D02D0F098300708293 /* FirebaseAuthCombine-Community */; };
		EFFAD9D32D0F098300708293 /* FirebaseCore in Frameworks */ = {isa = PBXBuildFile; productRef = EFFAD9D22D0F098300708293 /* FirebaseCore */; };
		EFFAD9D52D0F098300708293 /* FirebaseDatabase in Frameworks */ = {isa = PBXBuildFile; productRef = EFFAD9D42D0F098300708293 /* FirebaseDatabase */; };
		EFFAD9D72D0F098300708293 /* FirebaseDynamicLinks in Frameworks */ = {isa = PBXBuildFile; productRef = EFFAD9D62D0F098300708293 /* FirebaseDynamicLinks */; };
		EFFAD9D92D0F098300708293 /* FirebaseFirestore in Frameworks */ = {isa = PBXBuildFile; productRef = EFFAD9D82D0F098300708293 /* FirebaseFirestore */; };
		EFFAD9DB2D0F098300708293 /* FirebaseFirestoreCombine-Community in Frameworks */ = {isa = PBXBuildFile; productRef = EFFAD9DA2D0F098300708293 /* FirebaseFirestoreCombine-Community */; };
		EFFAD9DD2D0F098300708293 /* FirebaseFunctions in Frameworks */ = {isa = PBXBuildFile; productRef = EFFAD9DC2D0F098300708293 /* FirebaseFunctions */; };
		EFFAD9DF2D0F098300708293 /* FirebaseFunctionsCombine-Community in Frameworks */ = {isa = PBXBuildFile; productRef = EFFAD9DE2D0F098300708293 /* FirebaseFunctionsCombine-Community */; };
		EFFAD9E12D0F098400708293 /* FirebaseInAppMessaging-Beta in Frameworks */ = {isa = PBXBuildFile; productRef = EFFAD9E02D0F098400708293 /* FirebaseInAppMessaging-Beta */; };
		EFFAD9E32D0F098400708293 /* FirebaseInstallations in Frameworks */ = {isa = PBXBuildFile; productRef = EFFAD9E22D0F098400708293 /* FirebaseInstallations */; };
		EFFAD9E52D0F098400708293 /* FirebaseMessaging in Frameworks */ = {isa = PBXBuildFile; productRef = EFFAD9E42D0F098400708293 /* FirebaseMessaging */; };
		EFFAD9E72D0F098400708293 /* FirebaseStorage in Frameworks */ = {isa = PBXBuildFile; productRef = EFFAD9E62D0F098400708293 /* FirebaseStorage */; };
		EFFAD9E92D0F098400708293 /* FirebaseStorageCombine-Community in Frameworks */ = {isa = PBXBuildFile; productRef = EFFAD9E82D0F098400708293 /* FirebaseStorageCombine-Community */; };
/* End PBXBuildFile section */

/* Begin PBXContainerItemProxy section */
		EFB5B80F2D0E9AA900C2B894 /* PBXContainerItemProxy */ = {
			isa = PBXContainerItemProxy;
			containerPortal = EFB5B7F62D0E9AA700C2B894 /* Project object */;
			proxyType = 1;
			remoteGlobalIDString = EFB5B7FD2D0E9AA700C2B894;
			remoteInfo = weatherAppMNAD;
		};
		EFB5B8192D0E9AA900C2B894 /* PBXContainerItemProxy */ = {
			isa = PBXContainerItemProxy;
			containerPortal = EFB5B7F62D0E9AA700C2B894 /* Project object */;
			proxyType = 1;
			remoteGlobalIDString = EFB5B7FD2D0E9AA700C2B894;
			remoteInfo = weatherAppMNAD;
		};
/* End PBXContainerItemProxy section */

/* Begin PBXFileReference section */
		EFB5B7FE2D0E9AA700C2B894 /* weatherAppMNAD.app */ = {isa = PBXFileReference; explicitFileType = wrapper.application; includeInIndex = 0; path = weatherAppMNAD.app; sourceTree = BUILT_PRODUCTS_DIR; };
		EFB5B80E2D0E9AA900C2B894 /* weatherAppMNADTests.xctest */ = {isa = PBXFileReference; explicitFileType = wrapper.cfbundle; includeInIndex = 0; path = weatherAppMNADTests.xctest; sourceTree = BUILT_PRODUCTS_DIR; };
		EFB5B8182D0E9AA900C2B894 /* weatherAppMNADUITests.xctest */ = {isa = PBXFileReference; explicitFileType = wrapper.cfbundle; includeInIndex = 0; path = weatherAppMNADUITests.xctest; sourceTree = BUILT_PRODUCTS_DIR; };
/* End PBXFileReference section */

/* Begin PBXFileSystemSynchronizedRootGroup section */
		EFB5B8002D0E9AA700C2B894 /* weatherAppMNAD */ = {
			isa = PBXFileSystemSynchronizedRootGroup;
			path = weatherAppMNAD;
			sourceTree = "<group>";
		};
		EFB5B8112D0E9AA900C2B894 /* weatherAppMNADTests */ = {
			isa = PBXFileSystemSynchronizedRootGroup;
			path = weatherAppMNADTests;
			sourceTree = "<group>";
		};
		EFB5B81B2D0E9AA900C2B894 /* weatherAppMNADUITests */ = {
			isa = PBXFileSystemSynchronizedRootGroup;
			path = weatherAppMNADUITests;
			sourceTree = "<group>";
		};
/* End PBXFileSystemSynchronizedRootGroup section */

/* Begin PBXFrameworksBuildPhase section */
		EFB5B7FB2D0E9AA700C2B894 /* Frameworks */ = {
			isa = PBXFrameworksBuildPhase;
			buildActionMask = 2147483647;
			files = (
				EFFAD9E12D0F098400708293 /* FirebaseInAppMessaging-Beta in Frameworks */,
				EFFAD9E32D0F098400708293 /* FirebaseInstallations in Frameworks */,
				EFFAD9CB2D0F098300708293 /* FirebaseAppCheck in Frameworks */,
				EFFAD9C92D0F098300708293 /* FirebaseAnalytics in Frameworks */,
				EFFAD9CD2D0F098300708293 /* FirebaseAppDistribution-Beta in Frameworks */,
				EFFAD9E72D0F098400708293 /* FirebaseStorage in Frameworks */,
				EFFAD9E92D0F098400708293 /* FirebaseStorageCombine-Community in Frameworks */,
				EFFAD9DB2D0F098300708293 /* FirebaseFirestoreCombine-Community in Frameworks */,
				EFFAD9D72D0F098300708293 /* FirebaseDynamicLinks in Frameworks */,
				EFFAD9CF2D0F098300708293 /* FirebaseAuth in Frameworks */,
				EFFAD9D92D0F098300708293 /* FirebaseFirestore in Frameworks */,
				EFFAD9D32D0F098300708293 /* FirebaseCore in Frameworks */,
				EFFAD9D52D0F098300708293 /* FirebaseDatabase in Frameworks */,
				EFFAD9DD2D0F098300708293 /* FirebaseFunctions in Frameworks */,
				EFFAD9E52D0F098400708293 /* FirebaseMessaging in Frameworks */,
				EFFAD9D12D0F098300708293 /* FirebaseAuthCombine-Community in Frameworks */,
				EFFAD9DF2D0F098300708293 /* FirebaseFunctionsCombine-Community in Frameworks */,
			);
			runOnlyForDeploymentPostprocessing = 0;
		};
		EFB5B80B2D0E9AA900C2B894 /* Frameworks */ = {
			isa = PBXFrameworksBuildPhase;
			buildActionMask = 2147483647;
			files = (
			);
			runOnlyForDeploymentPostprocessing = 0;
		};
		EFB5B8152D0E9AA900C2B894 /* Frameworks */ = {
			isa = PBXFrameworksBuildPhase;
			buildActionMask = 2147483647;
			files = (
			);
			runOnlyForDeploymentPostprocessing = 0;
		};
/* End PBXFrameworksBuildPhase section */

/* Begin PBXGroup section */
		EFB5B7F52D0E9AA700C2B894 = {
			isa = PBXGroup;
			children = (
				EFB5B8002D0E9AA700C2B894 /* weatherAppMNAD */,
				EFB5B8112D0E9AA900C2B894 /* weatherAppMNADTests */,
				EFB5B81B2D0E9AA900C2B894 /* weatherAppMNADUITests */,
				EFB5B7FF2D0E9AA700C2B894 /* Products */,
			);
			sourceTree = "<group>";
		};
		EFB5B7FF2D0E9AA700C2B894 /* Products */ = {
			isa = PBXGroup;
			children = (
				EFB5B7FE2D0E9AA700C2B894 /* weatherAppMNAD.app */,
				EFB5B80E2D0E9AA900C2B894 /* weatherAppMNADTests.xctest */,
				EFB5B8182D0E9AA900C2B894 /* weatherAppMNADUITests.xctest */,
			);
			name = Products;
			sourceTree = "<group>";
		};
/* End PBXGroup section */

/* Begin PBXNativeTarget section */
		EFB5B7FD2D0E9AA700C2B894 /* weatherAppMNAD */ = {
			isa = PBXNativeTarget;
			buildConfigurationList = EFB5B8222D0E9AA900C2B894 /* Build configuration list for PBXNativeTarget "weatherAppMNAD" */;
			buildPhases = (
				EFB5B7FA2D0E9AA700C2B894 /* Sources */,
				EFB5B7FB2D0E9AA700C2B894 /* Frameworks */,
				EFB5B7FC2D0E9AA700C2B894 /* Resources */,
			);
			buildRules = (
			);
			dependencies = (
			);
			fileSystemSynchronizedGroups = (
				EFB5B8002D0E9AA700C2B894 /* weatherAppMNAD */,
			);
			name = weatherAppMNAD;
			packageProductDependencies = (
				EFFAD9C82D0F098300708293 /* FirebaseAnalytics */,
				EFFAD9CA2D0F098300708293 /* FirebaseAppCheck */,
				EFFAD9CC2D0F098300708293 /* FirebaseAppDistribution-Beta */,
				EFFAD9CE2D0F098300708293 /* FirebaseAuth */,
				EFFAD9D02D0F098300708293 /* FirebaseAuthCombine-Community */,
				EFFAD9D22D0F098300708293 /* FirebaseCore */,
				EFFAD9D42D0F098300708293 /* FirebaseDatabase */,
				EFFAD9D62D0F098300708293 /* FirebaseDynamicLinks */,
				EFFAD9D82D0F098300708293 /* FirebaseFirestore */,
				EFFAD9DA2D0F098300708293 /* FirebaseFirestoreCombine-Community */,
				EFFAD9DC2D0F098300708293 /* FirebaseFunctions */,
				EFFAD9DE2D0F098300708293 /* FirebaseFunctionsCombine-Community */,
				EFFAD9E02D0F098400708293 /* FirebaseInAppMessaging-Beta */,
				EFFAD9E22D0F098400708293 /* FirebaseInstallations */,
				EFFAD9E42D0F098400708293 /* FirebaseMessaging */,
				EFFAD9E62D0F098400708293 /* FirebaseStorage */,
				EFFAD9E82D0F098400708293 /* FirebaseStorageCombine-Community */,
			);
			productName = weatherAppMNAD;
			productReference = EFB5B7FE2D0E9AA700C2B894 /* weatherAppMNAD.app */;
			productType = "com.apple.product-type.application";
		};
		EFB5B80D2D0E9AA900C2B894 /* weatherAppMNADTests */ = {
			isa = PBXNativeTarget;
			buildConfigurationList = EFB5B8252D0E9AA900C2B894 /* Build configuration list for PBXNativeTarget "weatherAppMNADTests" */;
			buildPhases = (
				EFB5B80A2D0E9AA900C2B894 /* Sources */,
				EFB5B80B2D0E9AA900C2B894 /* Frameworks */,
				EFB5B80C2D0E9AA900C2B894 /* Resources */,
			);
			buildRules = (
			);
			dependencies = (
				EFB5B8102D0E9AA900C2B894 /* PBXTargetDependency */,
			);
			fileSystemSynchronizedGroups = (
				EFB5B8112D0E9AA900C2B894 /* weatherAppMNADTests */,
			);
			name = weatherAppMNADTests;
			packageProductDependencies = (
			);
			productName = weatherAppMNADTests;
			productReference = EFB5B80E2D0E9AA900C2B894 /* weatherAppMNADTests.xctest */;
			productType = "com.apple.product-type.bundle.unit-test";
		};
		EFB5B8172D0E9AA900C2B894 /* weatherAppMNADUITests */ = {
			isa = PBXNativeTarget;
			buildConfigurationList = EFB5B8282D0E9AA900C2B894 /* Build configuration list for PBXNativeTarget "weatherAppMNADUITests" */;
			buildPhases = (
				EFB5B8142D0E9AA900C2B894 /* Sources */,
				EFB5B8152D0E9AA900C2B894 /* Frameworks */,
				EFB5B8162D0E9AA900C2B894 /* Resources */,
			);
			buildRules = (
			);
			dependencies = (
				EFB5B81A2D0E9AA900C2B894 /* PBXTargetDependency */,
			);
			fileSystemSynchronizedGroups = (
				EFB5B81B2D0E9AA900C2B894 /* weatherAppMNADUITests */,
			);
			name = weatherAppMNADUITests;
			packageProductDependencies = (
			);
			productName = weatherAppMNADUITests;
			productReference = EFB5B8182D0E9AA900C2B894 /* weatherAppMNADUITests.xctest */;
			productType = "com.apple.product-type.bundle.ui-testing";
		};
/* End PBXNativeTarget section */

/* Begin PBXProject section */
		EFB5B7F62D0E9AA700C2B894 /* Project object */ = {
			isa = PBXProject;
			attributes = {
				BuildIndependentTargetsInParallel = 1;
				LastSwiftUpdateCheck = 1610;
				LastUpgradeCheck = 1610;
				TargetAttributes = {
					EFB5B7FD2D0E9AA700C2B894 = {
						CreatedOnToolsVersion = 16.1;
					};
					EFB5B80D2D0E9AA900C2B894 = {
						CreatedOnToolsVersion = 16.1;
						TestTargetID = EFB5B7FD2D0E9AA700C2B894;
					};
					EFB5B8172D0E9AA900C2B894 = {
						CreatedOnToolsVersion = 16.1;
						TestTargetID = EFB5B7FD2D0E9AA700C2B894;
					};
				};
			};
			buildConfigurationList = EFB5B7F92D0E9AA700C2B894 /* Build configuration list for PBXProject "weatherAppMNAD" */;
			developmentRegion = en;
			hasScannedForEncodings = 0;
			knownRegions = (
				en,
				Base,
			);
			mainGroup = EFB5B7F52D0E9AA700C2B894;
			minimizedProjectReferenceProxies = 1;
			packageReferences = (
				EFFAD9C72D0F098300708293 /* XCRemoteSwiftPackageReference "firebase-ios-sdk" */,
			);
			preferredProjectObjectVersion = 77;
			productRefGroup = EFB5B7FF2D0E9AA700C2B894 /* Products */;
			projectDirPath = "";
			projectRoot = "";
			targets = (
				EFB5B7FD2D0E9AA700C2B894 /* weatherAppMNAD */,
				EFB5B80D2D0E9AA900C2B894 /* weatherAppMNADTests */,
				EFB5B8172D0E9AA900C2B894 /* weatherAppMNADUITests */,
			);
		};
/* End PBXProject section */

/* Begin PBXResourcesBuildPhase section */
		EFB5B7FC2D0E9AA700C2B894 /* Resources */ = {
			isa = PBXResourcesBuildPhase;
			buildActionMask = 2147483647;
			files = (
			);
			runOnlyForDeploymentPostprocessing = 0;
		};
		EFB5B80C2D0E9AA900C2B894 /* Resources */ = {
			isa = PBXResourcesBuildPhase;
			buildActionMask = 2147483647;
			files = (
			);
			runOnlyForDeploymentPostprocessing = 0;
		};
		EFB5B8162D0E9AA900C2B894 /* Resources */ = {
			isa = PBXResourcesBuildPhase;
			buildActionMask = 2147483647;
			files = (
			);
			runOnlyForDeploymentPostprocessing = 0;
		};
/* End PBXResourcesBuildPhase section */

/* Begin PBXSourcesBuildPhase section */
		EFB5B7FA2D0E9AA700C2B894 /* Sources */ = {
			isa = PBXSourcesBuildPhase;
			buildActionMask = 2147483647;
			files = (
			);
			runOnlyForDeploymentPostprocessing = 0;
		};
		EFB5B80A2D0E9AA900C2B894 /* Sources */ = {
			isa = PBXSourcesBuildPhase;
			buildActionMask = 2147483647;
			files = (
			);
			runOnlyForDeploymentPostprocessing = 0;
		};
		EFB5B8142D0E9AA900C2B894 /* Sources */ = {
			isa = PBXSourcesBuildPhase;
			buildActionMask = 2147483647;
			files = (
			);
			runOnlyForDeploymentPostprocessing = 0;
		};
/* End PBXSourcesBuildPhase section */

/* Begin PBXTargetDependency section */
		EFB5B8102D0E9AA900C2B894 /* PBXTargetDependency */ = {
			isa = PBXTargetDependency;
			target = EFB5B7FD2D0E9AA700C2B894 /* weatherAppMNAD */;
			targetProxy = EFB5B80F2D0E9AA900C2B894 /* PBXContainerItemProxy */;
		};
		EFB5B81A2D0E9AA900C2B894 /* PBXTargetDependency */ = {
			isa = PBXTargetDependency;
			target = EFB5B7FD2D0E9AA700C2B894 /* weatherAppMNAD */;
			targetProxy = EFB5B8192D0E9AA900C2B894 /* PBXContainerItemProxy */;
		};
/* End PBXTargetDependency section */

/* Begin XCBuildConfiguration section */
		EFB5B8202D0E9AA900C2B894 /* Debug */ = {
			isa = XCBuildConfiguration;
			buildSettings = {
				ALWAYS_SEARCH_USER_PATHS = NO;
				ASSETCATALOG_COMPILER_GENERATE_SWIFT_ASSET_SYMBOL_EXTENSIONS = YES;
				CLANG_ANALYZER_NONNULL = YES;
				CLANG_ANALYZER_NUMBER_OBJECT_CONVERSION = YES_AGGRESSIVE;
				CLANG_CXX_LANGUAGE_STANDARD = "gnu++20";
				CLANG_ENABLE_MODULES = YES;
				CLANG_ENABLE_OBJC_ARC = YES;
				CLANG_ENABLE_OBJC_WEAK = YES;
				CLANG_WARN_BLOCK_CAPTURE_AUTORELEASING = YES;
				CLANG_WARN_BOOL_CONVERSION = YES;
				CLANG_WARN_COMMA = YES;
				CLANG_WARN_CONSTANT_CONVERSION = YES;
				CLANG_WARN_DEPRECATED_OBJC_IMPLEMENTATIONS = YES;
				CLANG_WARN_DIRECT_OBJC_ISA_USAGE = YES_ERROR;
				CLANG_WARN_DOCUMENTATION_COMMENTS = YES;
				CLANG_WARN_EMPTY_BODY = YES;
				CLANG_WARN_ENUM_CONVERSION = YES;
				CLANG_WARN_INFINITE_RECURSION = YES;
				CLANG_WARN_INT_CONVERSION = YES;
				CLANG_WARN_NON_LITERAL_NULL_CONVERSION = YES;
				CLANG_WARN_OBJC_IMPLICIT_RETAIN_SELF = YES;
				CLANG_WARN_OBJC_LITERAL_CONVERSION = YES;
				CLANG_WARN_OBJC_ROOT_CLASS = YES_ERROR;
				CLANG_WARN_QUOTED_INCLUDE_IN_FRAMEWORK_HEADER = YES;
				CLANG_WARN_RANGE_LOOP_ANALYSIS = YES;
				CLANG_WARN_STRICT_PROTOTYPES = YES;
				CLANG_WARN_SUSPICIOUS_MOVE = YES;
				CLANG_WARN_UNGUARDED_AVAILABILITY = YES_AGGRESSIVE;
				CLANG_WARN_UNREACHABLE_CODE = YES;
				CLANG_WARN__DUPLICATE_METHOD_MATCH = YES;
				COPY_PHASE_STRIP = NO;
				DEBUG_INFORMATION_FORMAT = dwarf;
				ENABLE_STRICT_OBJC_MSGSEND = YES;
				ENABLE_TESTABILITY = YES;
				ENABLE_USER_SCRIPT_SANDBOXING = YES;
				GCC_C_LANGUAGE_STANDARD = gnu17;
				GCC_DYNAMIC_NO_PIC = NO;
				GCC_NO_COMMON_BLOCKS = YES;
				GCC_OPTIMIZATION_LEVEL = 0;
				GCC_PREPROCESSOR_DEFINITIONS = (
					"DEBUG=1",
					"$(inherited)",
				);
				GCC_WARN_64_TO_32_BIT_CONVERSION = YES;
				GCC_WARN_ABOUT_RETURN_TYPE = YES_ERROR;
				GCC_WARN_UNDECLARED_SELECTOR = YES;
				GCC_WARN_UNINITIALIZED_AUTOS = YES_AGGRESSIVE;
				GCC_WARN_UNUSED_FUNCTION = YES;
				GCC_WARN_UNUSED_VARIABLE = YES;
				IPHONEOS_DEPLOYMENT_TARGET = 18.1;
				LOCALIZATION_PREFERS_STRING_CATALOGS = YES;
				MTL_ENABLE_DEBUG_INFO = INCLUDE_SOURCE;
				MTL_FAST_MATH = YES;
				ONLY_ACTIVE_ARCH = YES;
				SDKROOT = iphoneos;
				SWIFT_ACTIVE_COMPILATION_CONDITIONS = "DEBUG $(inherited)";
				SWIFT_OPTIMIZATION_LEVEL = "-Onone";
			};
			name = Debug;
		};
		EFB5B8212D0E9AA900C2B894 /* Release */ = {
			isa = XCBuildConfiguration;
			buildSettings = {
				ALWAYS_SEARCH_USER_PATHS = NO;
				ASSETCATALOG_COMPILER_GENERATE_SWIFT_ASSET_SYMBOL_EXTENSIONS = YES;
				CLANG_ANALYZER_NONNULL = YES;
				CLANG_ANALYZER_NUMBER_OBJECT_CONVERSION = YES_AGGRESSIVE;
				CLANG_CXX_LANGUAGE_STANDARD = "gnu++20";
				CLANG_ENABLE_MODULES = YES;
				CLANG_ENABLE_OBJC_ARC = YES;
				CLANG_ENABLE_OBJC_WEAK = YES;
				CLANG_WARN_BLOCK_CAPTURE_AUTORELEASING = YES;
				CLANG_WARN_BOOL_CONVERSION = YES;
				CLANG_WARN_COMMA = YES;
				CLANG_WARN_CONSTANT_CONVERSION = YES;
				CLANG_WARN_DEPRECATED_OBJC_IMPLEMENTATIONS = YES;
				CLANG_WARN_DIRECT_OBJC_ISA_USAGE = YES_ERROR;
				CLANG_WARN_DOCUMENTATION_COMMENTS = YES;
				CLANG_WARN_EMPTY_BODY = YES;
				CLANG_WARN_ENUM_CONVERSION = YES;
				CLANG_WARN_INFINITE_RECURSION = YES;
				CLANG_WARN_INT_CONVERSION = YES;
				CLANG_WARN_NON_LITERAL_NULL_CONVERSION = YES;
				CLANG_WARN_OBJC_IMPLICIT_RETAIN_SELF = YES;
				CLANG_WARN_OBJC_LITERAL_CONVERSION = YES;
				CLANG_WARN_OBJC_ROOT_CLASS = YES_ERROR;
				CLANG_WARN_QUOTED_INCLUDE_IN_FRAMEWORK_HEADER = YES;
				CLANG_WARN_RANGE_LOOP_ANALYSIS = YES;
				CLANG_WARN_STRICT_PROTOTYPES = YES;
				CLANG_WARN_SUSPICIOUS_MOVE = YES;
				CLANG_WARN_UNGUARDED_AVAILABILITY = YES_AGGRESSIVE;
				CLANG_WARN_UNREACHABLE_CODE = YES;
				CLANG_WARN__DUPLICATE_METHOD_MATCH = YES;
				COPY_PHASE_STRIP = NO;
				DEBUG_INFORMATION_FORMAT = "dwarf-with-dsym";
				ENABLE_NS_ASSERTIONS = NO;
				ENABLE_STRICT_OBJC_MSGSEND = YES;
				ENABLE_USER_SCRIPT_SANDBOXING = YES;
				GCC_C_LANGUAGE_STANDARD = gnu17;
				GCC_NO_COMMON_BLOCKS = YES;
				GCC_WARN_64_TO_32_BIT_CONVERSION = YES;
				GCC_WARN_ABOUT_RETURN_TYPE = YES_ERROR;
				GCC_WARN_UNDECLARED_SELECTOR = YES;
				GCC_WARN_UNINITIALIZED_AUTOS = YES_AGGRESSIVE;
				GCC_WARN_UNUSED_FUNCTION = YES;
				GCC_WARN_UNUSED_VARIABLE = YES;
				IPHONEOS_DEPLOYMENT_TARGET = 18.1;
				LOCALIZATION_PREFERS_STRING_CATALOGS = YES;
				MTL_ENABLE_DEBUG_INFO = NO;
				MTL_FAST_MATH = YES;
				SDKROOT = iphoneos;
				SWIFT_COMPILATION_MODE = wholemodule;
				VALIDATE_PRODUCT = YES;
			};
			name = Release;
		};
		EFB5B8232D0E9AA900C2B894 /* Debug */ = {
			isa = XCBuildConfiguration;
			buildSettings = {
				ASSETCATALOG_COMPILER_APPICON_NAME = AppIcon;
				ASSETCATALOG_COMPILER_GLOBAL_ACCENT_COLOR_NAME = AccentColor;
				CODE_SIGN_STYLE = Automatic;
				CURRENT_PROJECT_VERSION = 1;
				DEVELOPMENT_ASSET_PATHS = "\"weatherAppMNAD/Preview Content\"";
				ENABLE_PREVIEWS = YES;
				GENERATE_INFOPLIST_FILE = YES;
				INFOPLIST_KEY_UIApplicationSceneManifest_Generation = YES;
				INFOPLIST_KEY_UIApplicationSupportsIndirectInputEvents = YES;
				INFOPLIST_KEY_UILaunchScreen_Generation = YES;
				INFOPLIST_KEY_UISupportedInterfaceOrientations_iPad = "UIInterfaceOrientationPortrait UIInterfaceOrientationPortraitUpsideDown UIInterfaceOrientationLandscapeLeft UIInterfaceOrientationLandscapeRight";
				INFOPLIST_KEY_UISupportedInterfaceOrientations_iPhone = "UIInterfaceOrientationPortrait UIInterfaceOrientationLandscapeLeft UIInterfaceOrientationLandscapeRight";
				LD_RUNPATH_SEARCH_PATHS = (
					"$(inherited)",
					"@executable_path/Frameworks",
				);
				MARKETING_VERSION = 1.0;
				PRODUCT_BUNDLE_IDENTIFIER = com.777.weatherAppMNAD;
				PRODUCT_NAME = "$(TARGET_NAME)";
				SWIFT_EMIT_LOC_STRINGS = YES;
				SWIFT_VERSION = 5.0;
				TARGETED_DEVICE_FAMILY = "1,2";
			};
			name = Debug;
		};
		EFB5B8242D0E9AA900C2B894 /* Release */ = {
			isa = XCBuildConfiguration;
			buildSettings = {
				ASSETCATALOG_COMPILER_APPICON_NAME = AppIcon;
				ASSETCATALOG_COMPILER_GLOBAL_ACCENT_COLOR_NAME = AccentColor;
				CODE_SIGN_STYLE = Automatic;
				CURRENT_PROJECT_VERSION = 1;
				DEVELOPMENT_ASSET_PATHS = "\"weatherAppMNAD/Preview Content\"";
				ENABLE_PREVIEWS = YES;
				GENERATE_INFOPLIST_FILE = YES;
				INFOPLIST_KEY_UIApplicationSceneManifest_Generation = YES;
				INFOPLIST_KEY_UIApplicationSupportsIndirectInputEvents = YES;
				INFOPLIST_KEY_UILaunchScreen_Generation = YES;
				INFOPLIST_KEY_UISupportedInterfaceOrientations_iPad = "UIInterfaceOrientationPortrait UIInterfaceOrientationPortraitUpsideDown UIInterfaceOrientationLandscapeLeft UIInterfaceOrientationLandscapeRight";
				INFOPLIST_KEY_UISupportedInterfaceOrientations_iPhone = "UIInterfaceOrientationPortrait UIInterfaceOrientationLandscapeLeft UIInterfaceOrientationLandscapeRight";
				LD_RUNPATH_SEARCH_PATHS = (
					"$(inherited)",
					"@executable_path/Frameworks",
				);
				MARKETING_VERSION = 1.0;
				PRODUCT_BUNDLE_IDENTIFIER = com.777.weatherAppMNAD;
				PRODUCT_NAME = "$(TARGET_NAME)";
				SWIFT_EMIT_LOC_STRINGS = YES;
				SWIFT_VERSION = 5.0;
				TARGETED_DEVICE_FAMILY = "1,2";
			};
			name = Release;
		};
		EFB5B8262D0E9AA900C2B894 /* Debug */ = {
			isa = XCBuildConfiguration;
			buildSettings = {
				BUNDLE_LOADER = "$(TEST_HOST)";
				CODE_SIGN_STYLE = Automatic;
				CURRENT_PROJECT_VERSION = 1;
				GENERATE_INFOPLIST_FILE = YES;
				IPHONEOS_DEPLOYMENT_TARGET = 18.1;
				MARKETING_VERSION = 1.0;
				PRODUCT_BUNDLE_IDENTIFIER = com.777.weatherAppMNADTests;
				PRODUCT_NAME = "$(TARGET_NAME)";
				SWIFT_EMIT_LOC_STRINGS = NO;
				SWIFT_VERSION = 5.0;
				TARGETED_DEVICE_FAMILY = "1,2";
				TEST_HOST = "$(BUILT_PRODUCTS_DIR)/weatherAppMNAD.app/$(BUNDLE_EXECUTABLE_FOLDER_PATH)/weatherAppMNAD";
			};
			name = Debug;
		};
		EFB5B8272D0E9AA900C2B894 /* Release */ = {
			isa = XCBuildConfiguration;
			buildSettings = {
				BUNDLE_LOADER = "$(TEST_HOST)";
				CODE_SIGN_STYLE = Automatic;
				CURRENT_PROJECT_VERSION = 1;
				GENERATE_INFOPLIST_FILE = YES;
				IPHONEOS_DEPLOYMENT_TARGET = 18.1;
				MARKETING_VERSION = 1.0;
				PRODUCT_BUNDLE_IDENTIFIER = com.777.weatherAppMNADTests;
				PRODUCT_NAME = "$(TARGET_NAME)";
				SWIFT_EMIT_LOC_STRINGS = NO;
				SWIFT_VERSION = 5.0;
				TARGETED_DEVICE_FAMILY = "1,2";
				TEST_HOST = "$(BUILT_PRODUCTS_DIR)/weatherAppMNAD.app/$(BUNDLE_EXECUTABLE_FOLDER_PATH)/weatherAppMNAD";
			};
			name = Release;
		};
		EFB5B8292D0E9AA900C2B894 /* Debug */ = {
			isa = XCBuildConfiguration;
			buildSettings = {
				CODE_SIGN_STYLE = Automatic;
				CURRENT_PROJECT_VERSION = 1;
				GENERATE_INFOPLIST_FILE = YES;
				MARKETING_VERSION = 1.0;
				PRODUCT_BUNDLE_IDENTIFIER = com.777.weatherAppMNADUITests;
				PRODUCT_NAME = "$(TARGET_NAME)";
				SWIFT_EMIT_LOC_STRINGS = NO;
				SWIFT_VERSION = 5.0;
				TARGETED_DEVICE_FAMILY = "1,2";
				TEST_TARGET_NAME = weatherAppMNAD;
			};
			name = Debug;
		};
		EFB5B82A2D0E9AA900C2B894 /* Release */ = {
			isa = XCBuildConfiguration;
			buildSettings = {
				CODE_SIGN_STYLE = Automatic;
				CURRENT_PROJECT_VERSION = 1;
				GENERATE_INFOPLIST_FILE = YES;
				MARKETING_VERSION = 1.0;
				PRODUCT_BUNDLE_IDENTIFIER = com.777.weatherAppMNADUITests;
				PRODUCT_NAME = "$(TARGET_NAME)";
				SWIFT_EMIT_LOC_STRINGS = NO;
				SWIFT_VERSION = 5.0;
				TARGETED_DEVICE_FAMILY = "1,2";
				TEST_TARGET_NAME = weatherAppMNAD;
			};
			name = Release;
		};
/* End XCBuildConfiguration section */

/* Begin XCConfigurationList section */
		EFB5B7F92D0E9AA700C2B894 /* Build configuration list for PBXProject "weatherAppMNAD" */ = {
			isa = XCConfigurationList;
			buildConfigurations = (
				EFB5B8202D0E9AA900C2B894 /* Debug */,
				EFB5B8212D0E9AA900C2B894 /* Release */,
			);
			defaultConfigurationIsVisible = 0;
			defaultConfigurationName = Release;
		};
		EFB5B8222D0E9AA900C2B894 /* Build configuration list for PBXNativeTarget "weatherAppMNAD" */ = {
			isa = XCConfigurationList;
			buildConfigurations = (
				EFB5B8232D0E9AA900C2B894 /* Debug */,
				EFB5B8242D0E9AA900C2B894 /* Release */,
			);
			defaultConfigurationIsVisible = 0;
			defaultConfigurationName = Release;
		};
		EFB5B8252D0E9AA900C2B894 /* Build configuration list for PBXNativeTarget "weatherAppMNADTests" */ = {
			isa = XCConfigurationList;
			buildConfigurations = (
				EFB5B8262D0E9AA900C2B894 /* Debug */,
				EFB5B8272D0E9AA900C2B894 /* Release */,
			);
			defaultConfigurationIsVisible = 0;
			defaultConfigurationName = Release;
		};
		EFB5B8282D0E9AA900C2B894 /* Build configuration list for PBXNativeTarget "weatherAppMNADUITests" */ = {
			isa = XCConfigurationList;
			buildConfigurations = (
				EFB5B8292D0E9AA900C2B894 /* Debug */,
				EFB5B82A2D0E9AA900C2B894 /* Release */,
			);
			defaultConfigurationIsVisible = 0;
			defaultConfigurationName = Release;
		};
/* End XCConfigurationList section */

/* Begin XCRemoteSwiftPackageReference section */
		EFFAD9C72D0F098300708293 /* XCRemoteSwiftPackageReference "firebase-ios-sdk" */ = {
			isa = XCRemoteSwiftPackageReference;
			repositoryURL = "https://github.com/firebase/firebase-ios-sdk";
			requirement = {
				kind = upToNextMajorVersion;
				minimumVersion = 11.6.0;
			};
		};
/* End XCRemoteSwiftPackageReference section */

/* Begin XCSwiftPackageProductDependency section */
		EFFAD9C82D0F098300708293 /* FirebaseAnalytics */ = {
			isa = XCSwiftPackageProductDependency;
			package = EFFAD9C72D0F098300708293 /* XCRemoteSwiftPackageReference "firebase-ios-sdk" */;
			productName = FirebaseAnalytics;
		};
		EFFAD9CA2D0F098300708293 /* FirebaseAppCheck */ = {
			isa = XCSwiftPackageProductDependency;
			package = EFFAD9C72D0F098300708293 /* XCRemoteSwiftPackageReference "firebase-ios-sdk" */;
			productName = FirebaseAppCheck;
		};
		EFFAD9CC2D0F098300708293 /* FirebaseAppDistribution-Beta */ = {
			isa = XCSwiftPackageProductDependency;
			package = EFFAD9C72D0F098300708293 /* XCRemoteSwiftPackageReference "firebase-ios-sdk" */;
			productName = "FirebaseAppDistribution-Beta";
		};
		EFFAD9CE2D0F098300708293 /* FirebaseAuth */ = {
			isa = XCSwiftPackageProductDependency;
			package = EFFAD9C72D0F098300708293 /* XCRemoteSwiftPackageReference "firebase-ios-sdk" */;
			productName = FirebaseAuth;
		};
		EFFAD9D02D0F098300708293 /* FirebaseAuthCombine-Community */ = {
			isa = XCSwiftPackageProductDependency;
			package = EFFAD9C72D0F098300708293 /* XCRemoteSwiftPackageReference "firebase-ios-sdk" */;
			productName = "FirebaseAuthCombine-Community";
		};
		EFFAD9D22D0F098300708293 /* FirebaseCore */ = {
			isa = XCSwiftPackageProductDependency;
			package = EFFAD9C72D0F098300708293 /* XCRemoteSwiftPackageReference "firebase-ios-sdk" */;
			productName = FirebaseCore;
		};
		EFFAD9D42D0F098300708293 /* FirebaseDatabase */ = {
			isa = XCSwiftPackageProductDependency;
			package = EFFAD9C72D0F098300708293 /* XCRemoteSwiftPackageReference "firebase-ios-sdk" */;
			productName = FirebaseDatabase;
		};
		EFFAD9D62D0F098300708293 /* FirebaseDynamicLinks */ = {
			isa = XCSwiftPackageProductDependency;
			package = EFFAD9C72D0F098300708293 /* XCRemoteSwiftPackageReference "firebase-ios-sdk" */;
			productName = FirebaseDynamicLinks;
		};
		EFFAD9D82D0F098300708293 /* FirebaseFirestore */ = {
			isa = XCSwiftPackageProductDependency;
			package = EFFAD9C72D0F098300708293 /* XCRemoteSwiftPackageReference "firebase-ios-sdk" */;
			productName = FirebaseFirestore;
		};
		EFFAD9DA2D0F098300708293 /* FirebaseFirestoreCombine-Community */ = {
			isa = XCSwiftPackageProductDependency;
			package = EFFAD9C72D0F098300708293 /* XCRemoteSwiftPackageReference "firebase-ios-sdk" */;
			productName = "FirebaseFirestoreCombine-Community";
		};
		EFFAD9DC2D0F098300708293 /* FirebaseFunctions */ = {
			isa = XCSwiftPackageProductDependency;
			package = EFFAD9C72D0F098300708293 /* XCRemoteSwiftPackageReference "firebase-ios-sdk" */;
			productName = FirebaseFunctions;
		};
		EFFAD9DE2D0F098300708293 /* FirebaseFunctionsCombine-Community */ = {
			isa = XCSwiftPackageProductDependency;
			package = EFFAD9C72D0F098300708293 /* XCRemoteSwiftPackageReference "firebase-ios-sdk" */;
			productName = "FirebaseFunctionsCombine-Community";
		};
		EFFAD9E02D0F098400708293 /* FirebaseInAppMessaging-Beta */ = {
			isa = XCSwiftPackageProductDependency;
			package = EFFAD9C72D0F098300708293 /* XCRemoteSwiftPackageReference "firebase-ios-sdk" */;
			productName = "FirebaseInAppMessaging-Beta";
		};
		EFFAD9E22D0F098400708293 /* FirebaseInstallations */ = {
			isa = XCSwiftPackageProductDependency;
			package = EFFAD9C72D0F098300708293 /* XCRemoteSwiftPackageReference "firebase-ios-sdk" */;
			productName = FirebaseInstallations;
		};
		EFFAD9E42D0F098400708293 /* FirebaseMessaging */ = {
			isa = XCSwiftPackageProductDependency;
			package = EFFAD9C72D0F098300708293 /* XCRemoteSwiftPackageReference "firebase-ios-sdk" */;
			productName = FirebaseMessaging;
		};
		EFFAD9E62D0F098400708293 /* FirebaseStorage */ = {
			isa = XCSwiftPackageProductDependency;
			package = EFFAD9C72D0F098300708293 /* XCRemoteSwiftPackageReference "firebase-ios-sdk" */;
			productName = FirebaseStorage;
		};
		EFFAD9E82D0F098400708293 /* FirebaseStorageCombine-Community */ = {
			isa = XCSwiftPackageProductDependency;
			package = EFFAD9C72D0F098300708293 /* XCRemoteSwiftPackageReference "firebase-ios-sdk" */;
			productName = "FirebaseStorageCombine-Community";
		};
/* End XCSwiftPackageProductDependency section */
	};
	rootObject = EFB5B7F62D0E9AA700C2B894 /* Project object */;
}
